
Microsoft Visual Studio Solution File, Format Version 12.00
# Visual Studio Version 16
VisualStudioVersion = 16.0.30717.126
MinimumVisualStudioVersion = 10.0.40219.1
Project("{9A19103F-16F7-4668-BE54-9A1E7A4F7556}") = "Qdea.API", "Qdea.API\Qdea.API.csproj", "{0A87A89F-CB9E-4628-AD2A-E5215DF7EB92}"
	ProjectSection(ProjectDependencies) = postProject
		{B24EC0F5-096D-4000-B45C-80DF0B8647FF} = {B24EC0F5-096D-4000-B45C-80DF0B8647FF}
	EndProjectSection
EndProject
Project("{9A19103F-16F7-4668-BE54-9A1E7A4F7556}") = "DataLayer", "..\DataLayer\DataLayer\DataLayer.csproj", "{B24EC0F5-096D-4000-B45C-80DF0B8647FF}"
EndProject
Global
	GlobalSection(SolutionConfigurationPlatforms) = preSolution
		Debug|Any CPU = Debug|Any CPU
		Release|Any CPU = Release|Any CPU
	EndGlobalSection
	GlobalSection(ProjectConfigurationPlatforms) = postSolution
		{0A87A89F-CB9E-4628-AD2A-E5215DF7EB92}.Debug|Any CPU.ActiveCfg = Debug|Any CPU
		{0A87A89F-CB9E-4628-AD2A-E5215DF7EB92}.Debug|Any CPU.Build.0 = Debug|Any CPU
		{0A87A89F-CB9E-4628-AD2A-E5215DF7EB92}.Release|Any CPU.ActiveCfg = Release|Any CPU
		{0A87A89F-CB9E-4628-AD2A-E5215DF7EB92}.Release|Any CPU.Build.0 = Release|Any CPU
		{B24EC0F5-096D-4000-B45C-80DF0B8647FF}.Debug|Any CPU.ActiveCfg = Debug|Any CPU
		{B24EC0F5-096D-4000-B45C-80DF0B8647FF}.Debug|Any CPU.Build.0 = Debug|Any CPU
		{B24EC0F5-096D-4000-B45C-80DF0B8647FF}.Release|Any CPU.ActiveCfg = Release|Any CPU
		{B24EC0F5-096D-4000-B45C-80DF0B8647FF}.Release|Any CPU.Build.0 = Release|Any CPU
	EndGlobalSection
	GlobalSection(SolutionProperties) = preSolution
		HideSolutionNode = FALSE
	EndGlobalSection
	GlobalSection(ExtensibilityGlobals) = postSolution
		SolutionGuid = {3871A4B7-02B4-48AD-ABF6-EA93C9BB217A}
	EndGlobalSection
EndGlobal
